
Microsoft Visual Studio Solution File, Format Version 12.00
# Visual Studio Version 17
VisualStudioVersion = 17.8.34525.116
MinimumVisualStudioVersion = 10.0.40219.1
Project("{FAE04EC0-301F-11D3-BF4B-00C04F79EFBC}") = "hesapMakinesi", "hesapMakinesi.csproj", "{3E11B80C-B110-4E24-B82A-B0703E8E7F8E}"
EndProject
Global
	GlobalSection(SolutionConfigurationPlatforms) = preSolution
		Debug|Any CPU = Debug|Any CPU
		Release|Any CPU = Release|Any CPU
	EndGlobalSection
	GlobalSection(ProjectConfigurationPlatforms) = postSolution
		{3E11B80C-B110-4E24-B82A-B0703E8E7F8E}.Debug|Any CPU.ActiveCfg = Debug|Any CPU
		{3E11B80C-B110-4E24-B82A-B0703E8E7F8E}.Debug|Any CPU.Build.0 = Debug|Any CPU
		{3E11B80C-B110-4E24-B82A-B0703E8E7F8E}.Release|Any CPU.ActiveCfg = Release|Any CPU
		{3E11B80C-B110-4E24-B82A-B0703E8E7F8E}.Release|Any CPU.Build.0 = Release|Any CPU
	EndGlobalSection
	GlobalSection(SolutionProperties) = preSolution
		HideSolutionNode = FALSE
	EndGlobalSection
	GlobalSection(ExtensibilityGlobals) = postSolution
		SolutionGuid = {295376BA-FFB4-4BAC-A926-F090CEB2E726}
	EndGlobalSection
EndGlobal
